// !$*UTF8*$!
{
	archiveVersion = 1;
	classes = {
	};
	objectVersion = 51;
	objects = {

/* Begin PBXBuildFile section */
		03011C5324A9AED600F4B29C /* SceneDelegate.swift in Sources */ = {isa = PBXBuildFile; fileRef = 03011C5224A9AED600F4B29C /* SceneDelegate.swift */; };
		03ADEF1524A784AC006D8804 /* AppDelegate.swift in Sources */ = {isa = PBXBuildFile; fileRef = 03ADEF1424A784AC006D8804 /* AppDelegate.swift */; };
		03ADEF1924A784AC006D8804 /* ViewController.swift in Sources */ = {isa = PBXBuildFile; fileRef = 03ADEF1824A784AC006D8804 /* ViewController.swift */; };
		03ADEF1C24A784AC006D8804 /* Main.storyboard in Resources */ = {isa = PBXBuildFile; fileRef = 03ADEF1A24A784AC006D8804 /* Main.storyboard */; };
		03ADEF1E24A784AE006D8804 /* Assets.xcassets in Resources */ = {isa = PBXBuildFile; fileRef = 03ADEF1D24A784AE006D8804 /* Assets.xcassets */; };
		03ADEF2124A784AE006D8804 /* LaunchScreen.storyboard in Resources */ = {isa = PBXBuildFile; fileRef = 03ADEF1F24A784AE006D8804 /* LaunchScreen.storyboard */; };
		03ADEF2C24A784AF006D8804 /* MyTelstra_EvaluationTests.swift in Sources */ = {isa = PBXBuildFile; fileRef = 03ADEF2B24A784AF006D8804 /* MyTelstra_EvaluationTests.swift */; };
		03ADEF3724A784AF006D8804 /* MyTelstra_EvaluationUITests.swift in Sources */ = {isa = PBXBuildFile; fileRef = 03ADEF3624A784AF006D8804 /* MyTelstra_EvaluationUITests.swift */; };
		03ADEF4A24A78806006D8804 /* InfoCell.swift in Sources */ = {isa = PBXBuildFile; fileRef = 03ADEF4924A78806006D8804 /* InfoCell.swift */; };
		03ADEF4F24A78AF7006D8804 /* Facts.swift in Sources */ = {isa = PBXBuildFile; fileRef = 03ADEF4E24A78AF7006D8804 /* Facts.swift */; };
		03ADEF5424A78C62006D8804 /* NetworkManager.swift in Sources */ = {isa = PBXBuildFile; fileRef = 03ADEF5324A78C62006D8804 /* NetworkManager.swift */; };
		03C16B2524A8CA4800D66354 /* ParseManager.swift in Sources */ = {isa = PBXBuildFile; fileRef = 03C16B2424A8CA4800D66354 /* ParseManager.swift */; };
		32723C5BF6D5E46468DDA044 /* Pods_MyTelstra_Evaluation_MyTelstra_EvaluationUITests.framework in Frameworks */ = {isa = PBXBuildFile; fileRef = 8F10889F3FB18240D324A3AA /* Pods_MyTelstra_Evaluation_MyTelstra_EvaluationUITests.framework */; };
		32A5932951A797FB13D85DEF /* Pods_MyTelstra_Evaluation.framework in Frameworks */ = {isa = PBXBuildFile; fileRef = FF6A0D39DAE5733ADF92E6F0 /* Pods_MyTelstra_Evaluation.framework */; };
		49E3E26981520C7752B2ED18 /* Pods_MyTelstra_EvaluationTests.framework in Frameworks */ = {isa = PBXBuildFile; fileRef = 43ED699643A16E85C0F143DA /* Pods_MyTelstra_EvaluationTests.framework */; };
/* End PBXBuildFile section */

/* Begin PBXContainerItemProxy section */
		03ADEF2824A784AF006D8804 /* PBXContainerItemProxy */ = {
			isa = PBXContainerItemProxy;
			containerPortal = 03ADEF0924A784AC006D8804 /* Project object */;
			proxyType = 1;
			remoteGlobalIDString = 03ADEF1024A784AC006D8804;
			remoteInfo = MyTelstra_Evaluation;
		};
		03ADEF3324A784AF006D8804 /* PBXContainerItemProxy */ = {
			isa = PBXContainerItemProxy;
			containerPortal = 03ADEF0924A784AC006D8804 /* Project object */;
			proxyType = 1;
			remoteGlobalIDString = 03ADEF1024A784AC006D8804;
			remoteInfo = MyTelstra_Evaluation;
		};
/* End PBXContainerItemProxy section */

/* Begin PBXFileReference section */
		03011C5224A9AED600F4B29C /* SceneDelegate.swift */ = {isa = PBXFileReference; fileEncoding = 4; lastKnownFileType = sourcecode.swift; path = SceneDelegate.swift; sourceTree = "<group>"; };
		03ADEF1124A784AC006D8804 /* MyTelstra_Evaluation.app */ = {isa = PBXFileReference; explicitFileType = wrapper.application; includeInIndex = 0; path = MyTelstra_Evaluation.app; sourceTree = BUILT_PRODUCTS_DIR; };
		03ADEF1424A784AC006D8804 /* AppDelegate.swift */ = {isa = PBXFileReference; lastKnownFileType = sourcecode.swift; path = AppDelegate.swift; sourceTree = "<group>"; };
		03ADEF1824A784AC006D8804 /* ViewController.swift */ = {isa = PBXFileReference; lastKnownFileType = sourcecode.swift; path = ViewController.swift; sourceTree = "<group>"; };
		03ADEF1B24A784AC006D8804 /* Base */ = {isa = PBXFileReference; lastKnownFileType = file.storyboard; name = Base; path = Base.lproj/Main.storyboard; sourceTree = "<group>"; };
		03ADEF1D24A784AE006D8804 /* Assets.xcassets */ = {isa = PBXFileReference; lastKnownFileType = folder.assetcatalog; path = Assets.xcassets; sourceTree = "<group>"; };
		03ADEF2024A784AE006D8804 /* Base */ = {isa = PBXFileReference; lastKnownFileType = file.storyboard; name = Base; path = Base.lproj/LaunchScreen.storyboard; sourceTree = "<group>"; };
		03ADEF2224A784AE006D8804 /* Info.plist */ = {isa = PBXFileReference; lastKnownFileType = text.plist.xml; path = Info.plist; sourceTree = "<group>"; };
		03ADEF2724A784AF006D8804 /* MyTelstra_EvaluationTests.xctest */ = {isa = PBXFileReference; explicitFileType = wrapper.cfbundle; includeInIndex = 0; path = MyTelstra_EvaluationTests.xctest; sourceTree = BUILT_PRODUCTS_DIR; };
		03ADEF2B24A784AF006D8804 /* MyTelstra_EvaluationTests.swift */ = {isa = PBXFileReference; lastKnownFileType = sourcecode.swift; path = MyTelstra_EvaluationTests.swift; sourceTree = "<group>"; };
		03ADEF2D24A784AF006D8804 /* Info.plist */ = {isa = PBXFileReference; lastKnownFileType = text.plist.xml; path = Info.plist; sourceTree = "<group>"; };
		03ADEF3224A784AF006D8804 /* MyTelstra_EvaluationUITests.xctest */ = {isa = PBXFileReference; explicitFileType = wrapper.cfbundle; includeInIndex = 0; path = MyTelstra_EvaluationUITests.xctest; sourceTree = BUILT_PRODUCTS_DIR; };
		03ADEF3624A784AF006D8804 /* MyTelstra_EvaluationUITests.swift */ = {isa = PBXFileReference; lastKnownFileType = sourcecode.swift; path = MyTelstra_EvaluationUITests.swift; sourceTree = "<group>"; };
		03ADEF3824A784AF006D8804 /* Info.plist */ = {isa = PBXFileReference; lastKnownFileType = text.plist.xml; path = Info.plist; sourceTree = "<group>"; };
		03ADEF4924A78806006D8804 /* InfoCell.swift */ = {isa = PBXFileReference; fileEncoding = 4; lastKnownFileType = sourcecode.swift; path = InfoCell.swift; sourceTree = "<group>"; };
		03ADEF4E24A78AF7006D8804 /* Facts.swift */ = {isa = PBXFileReference; fileEncoding = 4; lastKnownFileType = sourcecode.swift; path = Facts.swift; sourceTree = "<group>"; };
		03ADEF5324A78C62006D8804 /* NetworkManager.swift */ = {isa = PBXFileReference; fileEncoding = 4; lastKnownFileType = sourcecode.swift; path = NetworkManager.swift; sourceTree = "<group>"; };
		03C16B2424A8CA4800D66354 /* ParseManager.swift */ = {isa = PBXFileReference; lastKnownFileType = sourcecode.swift; path = ParseManager.swift; sourceTree = "<group>"; };
		03C16B2F24A906D200D66354 /* .swiftlint.yml */ = {isa = PBXFileReference; lastKnownFileType = text.yaml; path = .swiftlint.yml; sourceTree = "<group>"; };
		1272AEF7490360158884976A /* Pods-MyTelstra_EvaluationTests.debug.xcconfig */ = {isa = PBXFileReference; includeInIndex = 1; lastKnownFileType = text.xcconfig; name = "Pods-MyTelstra_EvaluationTests.debug.xcconfig"; path = "Target Support Files/Pods-MyTelstra_EvaluationTests/Pods-MyTelstra_EvaluationTests.debug.xcconfig"; sourceTree = "<group>"; };
		345E060E1EDF1581CB26336B /* Pods-MyTelstra_EvaluationTests.release.xcconfig */ = {isa = PBXFileReference; includeInIndex = 1; lastKnownFileType = text.xcconfig; name = "Pods-MyTelstra_EvaluationTests.release.xcconfig"; path = "Target Support Files/Pods-MyTelstra_EvaluationTests/Pods-MyTelstra_EvaluationTests.release.xcconfig"; sourceTree = "<group>"; };
		43ED699643A16E85C0F143DA /* Pods_MyTelstra_EvaluationTests.framework */ = {isa = PBXFileReference; explicitFileType = wrapper.framework; includeInIndex = 0; path = Pods_MyTelstra_EvaluationTests.framework; sourceTree = BUILT_PRODUCTS_DIR; };
		50736FF82B280FEAC1EEE479 /* Pods-MyTelstra_Evaluation.release.xcconfig */ = {isa = PBXFileReference; includeInIndex = 1; lastKnownFileType = text.xcconfig; name = "Pods-MyTelstra_Evaluation.release.xcconfig"; path = "Target Support Files/Pods-MyTelstra_Evaluation/Pods-MyTelstra_Evaluation.release.xcconfig"; sourceTree = "<group>"; };
		867DA62A19B36390CA3D55CC /* Pods-MyTelstra_Evaluation-MyTelstra_EvaluationUITests.debug.xcconfig */ = {isa = PBXFileReference; includeInIndex = 1; lastKnownFileType = text.xcconfig; name = "Pods-MyTelstra_Evaluation-MyTelstra_EvaluationUITests.debug.xcconfig"; path = "Target Support Files/Pods-MyTelstra_Evaluation-MyTelstra_EvaluationUITests/Pods-MyTelstra_Evaluation-MyTelstra_EvaluationUITests.debug.xcconfig"; sourceTree = "<group>"; };
		8F10889F3FB18240D324A3AA /* Pods_MyTelstra_Evaluation_MyTelstra_EvaluationUITests.framework */ = {isa = PBXFileReference; explicitFileType = wrapper.framework; includeInIndex = 0; path = Pods_MyTelstra_Evaluation_MyTelstra_EvaluationUITests.framework; sourceTree = BUILT_PRODUCTS_DIR; };
		C96F220EFC3F3399B6ACCDE1 /* Pods-MyTelstra_Evaluation.debug.xcconfig */ = {isa = PBXFileReference; includeInIndex = 1; lastKnownFileType = text.xcconfig; name = "Pods-MyTelstra_Evaluation.debug.xcconfig"; path = "Target Support Files/Pods-MyTelstra_Evaluation/Pods-MyTelstra_Evaluation.debug.xcconfig"; sourceTree = "<group>"; };
		DB5FD8C23C461FE3A9F5FE37 /* Pods-MyTelstra_Evaluation-MyTelstra_EvaluationUITests.release.xcconfig */ = {isa = PBXFileReference; includeInIndex = 1; lastKnownFileType = text.xcconfig; name = "Pods-MyTelstra_Evaluation-MyTelstra_EvaluationUITests.release.xcconfig"; path = "Target Support Files/Pods-MyTelstra_Evaluation-MyTelstra_EvaluationUITests/Pods-MyTelstra_Evaluation-MyTelstra_EvaluationUITests.release.xcconfig"; sourceTree = "<group>"; };
		FF6A0D39DAE5733ADF92E6F0 /* Pods_MyTelstra_Evaluation.framework */ = {isa = PBXFileReference; explicitFileType = wrapper.framework; includeInIndex = 0; path = Pods_MyTelstra_Evaluation.framework; sourceTree = BUILT_PRODUCTS_DIR; };
/* End PBXFileReference section */

/* Begin PBXFrameworksBuildPhase section */
		03ADEF0E24A784AC006D8804 /* Frameworks */ = {
			isa = PBXFrameworksBuildPhase;
			buildActionMask = 2147483647;
			files = (
				32A5932951A797FB13D85DEF /* Pods_MyTelstra_Evaluation.framework in Frameworks */,
			);
			runOnlyForDeploymentPostprocessing = 0;
		};
		03ADEF2424A784AF006D8804 /* Frameworks */ = {
			isa = PBXFrameworksBuildPhase;
			buildActionMask = 2147483647;
			files = (
				49E3E26981520C7752B2ED18 /* Pods_MyTelstra_EvaluationTests.framework in Frameworks */,
			);
			runOnlyForDeploymentPostprocessing = 0;
		};
		03ADEF2F24A784AF006D8804 /* Frameworks */ = {
			isa = PBXFrameworksBuildPhase;
			buildActionMask = 2147483647;
			files = (
				32723C5BF6D5E46468DDA044 /* Pods_MyTelstra_Evaluation_MyTelstra_EvaluationUITests.framework in Frameworks */,
			);
			runOnlyForDeploymentPostprocessing = 0;
		};
/* End PBXFrameworksBuildPhase section */

/* Begin PBXGroup section */
		03ADEF0824A784AC006D8804 = {
			isa = PBXGroup;
			children = (
				03C16B2F24A906D200D66354 /* .swiftlint.yml */,
				03ADEF1324A784AC006D8804 /* MyTelstra_Evaluation */,
				03ADEF2A24A784AF006D8804 /* MyTelstra_EvaluationTests */,
				03ADEF3524A784AF006D8804 /* MyTelstra_EvaluationUITests */,
				03ADEF1224A784AC006D8804 /* Products */,
				9A1C97C9017B242D24906A6A /* Pods */,
				6696C3FA9DA64714B32A8613 /* Frameworks */,
			);
			sourceTree = "<group>";
		};
		03ADEF1224A784AC006D8804 /* Products */ = {
			isa = PBXGroup;
			children = (
				03ADEF1124A784AC006D8804 /* MyTelstra_Evaluation.app */,
				03ADEF2724A784AF006D8804 /* MyTelstra_EvaluationTests.xctest */,
				03ADEF3224A784AF006D8804 /* MyTelstra_EvaluationUITests.xctest */,
			);
			name = Products;
			sourceTree = "<group>";
		};
		03ADEF1324A784AC006D8804 /* MyTelstra_Evaluation */ = {
			isa = PBXGroup;
			children = (
				03ADEF4424A7857A006D8804 /* App Delegate */,
				03ADEF4D24A78AF7006D8804 /* Model */,
				03ADEF4824A78806006D8804 /* View */,
				03ADEF4524A78592006D8804 /* View Controller */,
				03ADEF5224A78C62006D8804 /* Services */,
				03ADEF1A24A784AC006D8804 /* Main.storyboard */,
				03ADEF1D24A784AE006D8804 /* Assets.xcassets */,
				03ADEF1F24A784AE006D8804 /* LaunchScreen.storyboard */,
				03ADEF2224A784AE006D8804 /* Info.plist */,
			);
			path = MyTelstra_Evaluation;
			sourceTree = "<group>";
		};
		03ADEF2A24A784AF006D8804 /* MyTelstra_EvaluationTests */ = {
			isa = PBXGroup;
			children = (
				03ADEF2B24A784AF006D8804 /* MyTelstra_EvaluationTests.swift */,
				03ADEF2D24A784AF006D8804 /* Info.plist */,
			);
			path = MyTelstra_EvaluationTests;
			sourceTree = "<group>";
		};
		03ADEF3524A784AF006D8804 /* MyTelstra_EvaluationUITests */ = {
			isa = PBXGroup;
			children = (
				03ADEF3624A784AF006D8804 /* MyTelstra_EvaluationUITests.swift */,
				03ADEF3824A784AF006D8804 /* Info.plist */,
			);
			path = MyTelstra_EvaluationUITests;
			sourceTree = "<group>";
		};
		03ADEF4424A7857A006D8804 /* App Delegate */ = {
			isa = PBXGroup;
			children = (
				03ADEF1424A784AC006D8804 /* AppDelegate.swift */,
				03011C5224A9AED600F4B29C /* SceneDelegate.swift */,
			);
			path = "App Delegate";
			sourceTree = "<group>";
		};
		03ADEF4524A78592006D8804 /* View Controller */ = {
			isa = PBXGroup;
			children = (
				03ADEF1824A784AC006D8804 /* ViewController.swift */,
			);
			path = "View Controller";
			sourceTree = "<group>";
		};
		03ADEF4824A78806006D8804 /* View */ = {
			isa = PBXGroup;
			children = (
				03ADEF4924A78806006D8804 /* InfoCell.swift */,
			);
			path = View;
			sourceTree = "<group>";
		};
		03ADEF4D24A78AF7006D8804 /* Model */ = {
			isa = PBXGroup;
			children = (
				03ADEF4E24A78AF7006D8804 /* Facts.swift */,
			);
			path = Model;
			sourceTree = "<group>";
		};
		03ADEF5224A78C62006D8804 /* Services */ = {
			isa = PBXGroup;
			children = (
				03ADEF5324A78C62006D8804 /* NetworkManager.swift */,
				03C16B2424A8CA4800D66354 /* ParseManager.swift */,
			);
			path = Services;
			sourceTree = "<group>";
		};
		6696C3FA9DA64714B32A8613 /* Frameworks */ = {
			isa = PBXGroup;
			children = (
				FF6A0D39DAE5733ADF92E6F0 /* Pods_MyTelstra_Evaluation.framework */,
				8F10889F3FB18240D324A3AA /* Pods_MyTelstra_Evaluation_MyTelstra_EvaluationUITests.framework */,
				43ED699643A16E85C0F143DA /* Pods_MyTelstra_EvaluationTests.framework */,
			);
			name = Frameworks;
			sourceTree = "<group>";
		};
		9A1C97C9017B242D24906A6A /* Pods */ = {
			isa = PBXGroup;
			children = (
				C96F220EFC3F3399B6ACCDE1 /* Pods-MyTelstra_Evaluation.debug.xcconfig */,
				50736FF82B280FEAC1EEE479 /* Pods-MyTelstra_Evaluation.release.xcconfig */,
				867DA62A19B36390CA3D55CC /* Pods-MyTelstra_Evaluation-MyTelstra_EvaluationUITests.debug.xcconfig */,
				DB5FD8C23C461FE3A9F5FE37 /* Pods-MyTelstra_Evaluation-MyTelstra_EvaluationUITests.release.xcconfig */,
				1272AEF7490360158884976A /* Pods-MyTelstra_EvaluationTests.debug.xcconfig */,
				345E060E1EDF1581CB26336B /* Pods-MyTelstra_EvaluationTests.release.xcconfig */,
			);
			path = Pods;
			sourceTree = "<group>";
		};
/* End PBXGroup section */

/* Begin PBXNativeTarget section */
		03ADEF1024A784AC006D8804 /* MyTelstra_Evaluation */ = {
			isa = PBXNativeTarget;
			buildConfigurationList = 03ADEF3B24A784AF006D8804 /* Build configuration list for PBXNativeTarget "MyTelstra_Evaluation" */;
			buildPhases = (
				FF12BD71B34F6F9624C1946F /* [CP] Check Pods Manifest.lock */,
				03ADEF0D24A784AC006D8804 /* Sources */,
				03ADEF0E24A784AC006D8804 /* Frameworks */,
				03ADEF0F24A784AC006D8804 /* Resources */,
				A90FF313A36F803706B60500 /* [CP] Embed Pods Frameworks */,
				03C16B2E24A906B400D66354 /* ShellScript */,
			);
			buildRules = (
			);
			dependencies = (
			);
			name = MyTelstra_Evaluation;
			productName = MyTelstra_Evaluation;
			productReference = 03ADEF1124A784AC006D8804 /* MyTelstra_Evaluation.app */;
			productType = "com.apple.product-type.application";
		};
		03ADEF2624A784AF006D8804 /* MyTelstra_EvaluationTests */ = {
			isa = PBXNativeTarget;
			buildConfigurationList = 03ADEF3E24A784AF006D8804 /* Build configuration list for PBXNativeTarget "MyTelstra_EvaluationTests" */;
			buildPhases = (
				239D4584EF5AED24C480CBD1 /* [CP] Check Pods Manifest.lock */,
				03ADEF2324A784AF006D8804 /* Sources */,
				03ADEF2424A784AF006D8804 /* Frameworks */,
				03ADEF2524A784AF006D8804 /* Resources */,
			);
			buildRules = (
			);
			dependencies = (
				03ADEF2924A784AF006D8804 /* PBXTargetDependency */,
			);
			name = MyTelstra_EvaluationTests;
			productName = MyTelstra_EvaluationTests;
			productReference = 03ADEF2724A784AF006D8804 /* MyTelstra_EvaluationTests.xctest */;
			productType = "com.apple.product-type.bundle.unit-test";
		};
		03ADEF3124A784AF006D8804 /* MyTelstra_EvaluationUITests */ = {
			isa = PBXNativeTarget;
			buildConfigurationList = 03ADEF4124A784AF006D8804 /* Build configuration list for PBXNativeTarget "MyTelstra_EvaluationUITests" */;
			buildPhases = (
				43B388196D66A7F2D6CC235A /* [CP] Check Pods Manifest.lock */,
				03ADEF2E24A784AF006D8804 /* Sources */,
				03ADEF2F24A784AF006D8804 /* Frameworks */,
				03ADEF3024A784AF006D8804 /* Resources */,
				732A899E4A6D5925CD845245 /* [CP] Embed Pods Frameworks */,
			);
			buildRules = (
			);
			dependencies = (
				03ADEF3424A784AF006D8804 /* PBXTargetDependency */,
			);
			name = MyTelstra_EvaluationUITests;
			productName = MyTelstra_EvaluationUITests;
			productReference = 03ADEF3224A784AF006D8804 /* MyTelstra_EvaluationUITests.xctest */;
			productType = "com.apple.product-type.bundle.ui-testing";
		};
/* End PBXNativeTarget section */

/* Begin PBXProject section */
		03ADEF0924A784AC006D8804 /* Project object */ = {
			isa = PBXProject;
			attributes = {
				LastSwiftUpdateCheck = 1130;
				LastUpgradeCheck = 1130;
				ORGANIZATIONNAME = "N, Azik Abdullah (Cognizant)";
				TargetAttributes = {
					03ADEF1024A784AC006D8804 = {
						CreatedOnToolsVersion = 11.3.1;
					};
					03ADEF2624A784AF006D8804 = {
						CreatedOnToolsVersion = 11.3.1;
						TestTargetID = 03ADEF1024A784AC006D8804;
					};
					03ADEF3124A784AF006D8804 = {
						CreatedOnToolsVersion = 11.3.1;
						TestTargetID = 03ADEF1024A784AC006D8804;
					};
				};
			};
			buildConfigurationList = 03ADEF0C24A784AC006D8804 /* Build configuration list for PBXProject "MyTelstra_Evaluation" */;
			compatibilityVersion = "Xcode 9.3";
			developmentRegion = en;
			hasScannedForEncodings = 0;
			knownRegions = (
				en,
				Base,
			);
			mainGroup = 03ADEF0824A784AC006D8804;
			productRefGroup = 03ADEF1224A784AC006D8804 /* Products */;
			projectDirPath = "";
			projectRoot = "";
			targets = (
				03ADEF1024A784AC006D8804 /* MyTelstra_Evaluation */,
				03ADEF2624A784AF006D8804 /* MyTelstra_EvaluationTests */,
				03ADEF3124A784AF006D8804 /* MyTelstra_EvaluationUITests */,
			);
		};
/* End PBXProject section */

/* Begin PBXResourcesBuildPhase section */
		03ADEF0F24A784AC006D8804 /* Resources */ = {
			isa = PBXResourcesBuildPhase;
			buildActionMask = 2147483647;
			files = (
				03ADEF2124A784AE006D8804 /* LaunchScreen.storyboard in Resources */,
				03ADEF1E24A784AE006D8804 /* Assets.xcassets in Resources */,
				03ADEF1C24A784AC006D8804 /* Main.storyboard in Resources */,
			);
			runOnlyForDeploymentPostprocessing = 0;
		};
		03ADEF2524A784AF006D8804 /* Resources */ = {
			isa = PBXResourcesBuildPhase;
			buildActionMask = 2147483647;
			files = (
			);
			runOnlyForDeploymentPostprocessing = 0;
		};
		03ADEF3024A784AF006D8804 /* Resources */ = {
			isa = PBXResourcesBuildPhase;
			buildActionMask = 2147483647;
			files = (
			);
			runOnlyForDeploymentPostprocessing = 0;
		};
/* End PBXResourcesBuildPhase section */

/* Begin PBXShellScriptBuildPhase section */
		03C16B2E24A906B400D66354 /* ShellScript */ = {
			isa = PBXShellScriptBuildPhase;
			buildActionMask = 2147483647;
			files = (
			);
			inputFileListPaths = (
			);
			inputPaths = (
			);
			outputFileListPaths = (
			);
			outputPaths = (
			);
			runOnlyForDeploymentPostprocessing = 0;
			shellPath = /bin/sh;
			shellScript = "if which swiftlint >/dev/null; then\n  swiftlint\nelse\n  echo \"warning: SwiftLint not installed, download from https://github.com/realm/SwiftLint\"\nfi\n";
		};
		239D4584EF5AED24C480CBD1 /* [CP] Check Pods Manifest.lock */ = {
			isa = PBXShellScriptBuildPhase;
			buildActionMask = 2147483647;
			files = (
			);
			inputFileListPaths = (
			);
			inputPaths = (
				"${PODS_PODFILE_DIR_PATH}/Podfile.lock",
				"${PODS_ROOT}/Manifest.lock",
			);
			name = "[CP] Check Pods Manifest.lock";
			outputFileListPaths = (
			);
			outputPaths = (
				"$(DERIVED_FILE_DIR)/Pods-MyTelstra_EvaluationTests-checkManifestLockResult.txt",
			);
			runOnlyForDeploymentPostprocessing = 0;
			shellPath = /bin/sh;
			shellScript = "diff \"${PODS_PODFILE_DIR_PATH}/Podfile.lock\" \"${PODS_ROOT}/Manifest.lock\" > /dev/null\nif [ $? != 0 ] ; then\n    # print error to STDERR\n    echo \"error: The sandbox is not in sync with the Podfile.lock. Run 'pod install' or update your CocoaPods installation.\" >&2\n    exit 1\nfi\n# This output is used by Xcode 'outputs' to avoid re-running this script phase.\necho \"SUCCESS\" > \"${SCRIPT_OUTPUT_FILE_0}\"\n";
			showEnvVarsInLog = 0;
		};
		43B388196D66A7F2D6CC235A /* [CP] Check Pods Manifest.lock */ = {
			isa = PBXShellScriptBuildPhase;
			buildActionMask = 2147483647;
			files = (
			);
			inputFileListPaths = (
			);
			inputPaths = (
				"${PODS_PODFILE_DIR_PATH}/Podfile.lock",
				"${PODS_ROOT}/Manifest.lock",
			);
			name = "[CP] Check Pods Manifest.lock";
			outputFileListPaths = (
			);
			outputPaths = (
				"$(DERIVED_FILE_DIR)/Pods-MyTelstra_Evaluation-MyTelstra_EvaluationUITests-checkManifestLockResult.txt",
			);
			runOnlyForDeploymentPostprocessing = 0;
			shellPath = /bin/sh;
			shellScript = "diff \"${PODS_PODFILE_DIR_PATH}/Podfile.lock\" \"${PODS_ROOT}/Manifest.lock\" > /dev/null\nif [ $? != 0 ] ; then\n    # print error to STDERR\n    echo \"error: The sandbox is not in sync with the Podfile.lock. Run 'pod install' or update your CocoaPods installation.\" >&2\n    exit 1\nfi\n# This output is used by Xcode 'outputs' to avoid re-running this script phase.\necho \"SUCCESS\" > \"${SCRIPT_OUTPUT_FILE_0}\"\n";
			showEnvVarsInLog = 0;
		};
		732A899E4A6D5925CD845245 /* [CP] Embed Pods Frameworks */ = {
			isa = PBXShellScriptBuildPhase;
			buildActionMask = 2147483647;
			files = (
			);
			inputFileListPaths = (
				"${PODS_ROOT}/Target Support Files/Pods-MyTelstra_Evaluation-MyTelstra_EvaluationUITests/Pods-MyTelstra_Evaluation-MyTelstra_EvaluationUITests-frameworks-${CONFIGURATION}-input-files.xcfilelist",
			);
			name = "[CP] Embed Pods Frameworks";
			outputFileListPaths = (
				"${PODS_ROOT}/Target Support Files/Pods-MyTelstra_Evaluation-MyTelstra_EvaluationUITests/Pods-MyTelstra_Evaluation-MyTelstra_EvaluationUITests-frameworks-${CONFIGURATION}-output-files.xcfilelist",
			);
			runOnlyForDeploymentPostprocessing = 0;
			shellPath = /bin/sh;
			shellScript = "\"${PODS_ROOT}/Target Support Files/Pods-MyTelstra_Evaluation-MyTelstra_EvaluationUITests/Pods-MyTelstra_Evaluation-MyTelstra_EvaluationUITests-frameworks.sh\"\n";
			showEnvVarsInLog = 0;
		};
		A90FF313A36F803706B60500 /* [CP] Embed Pods Frameworks */ = {
			isa = PBXShellScriptBuildPhase;
			buildActionMask = 2147483647;
			files = (
			);
			inputFileListPaths = (
				"${PODS_ROOT}/Target Support Files/Pods-MyTelstra_Evaluation/Pods-MyTelstra_Evaluation-frameworks-${CONFIGURATION}-input-files.xcfilelist",
			);
			name = "[CP] Embed Pods Frameworks";
			outputFileListPaths = (
				"${PODS_ROOT}/Target Support Files/Pods-MyTelstra_Evaluation/Pods-MyTelstra_Evaluation-frameworks-${CONFIGURATION}-output-files.xcfilelist",
			);
			runOnlyForDeploymentPostprocessing = 0;
			shellPath = /bin/sh;
			shellScript = "\"${PODS_ROOT}/Target Support Files/Pods-MyTelstra_Evaluation/Pods-MyTelstra_Evaluation-frameworks.sh\"\n";
			showEnvVarsInLog = 0;
		};
		FF12BD71B34F6F9624C1946F /* [CP] Check Pods Manifest.lock */ = {
			isa = PBXShellScriptBuildPhase;
			buildActionMask = 2147483647;
			files = (
			);
			inputFileListPaths = (
			);
			inputPaths = (
				"${PODS_PODFILE_DIR_PATH}/Podfile.lock",
				"${PODS_ROOT}/Manifest.lock",
			);
			name = "[CP] Check Pods Manifest.lock";
			outputFileListPaths = (
			);
			outputPaths = (
				"$(DERIVED_FILE_DIR)/Pods-MyTelstra_Evaluation-checkManifestLockResult.txt",
			);
			runOnlyForDeploymentPostprocessing = 0;
			shellPath = /bin/sh;
			shellScript = "diff \"${PODS_PODFILE_DIR_PATH}/Podfile.lock\" \"${PODS_ROOT}/Manifest.lock\" > /dev/null\nif [ $? != 0 ] ; then\n    # print error to STDERR\n    echo \"error: The sandbox is not in sync with the Podfile.lock. Run 'pod install' or update your CocoaPods installation.\" >&2\n    exit 1\nfi\n# This output is used by Xcode 'outputs' to avoid re-running this script phase.\necho \"SUCCESS\" > \"${SCRIPT_OUTPUT_FILE_0}\"\n";
			showEnvVarsInLog = 0;
		};
/* End PBXShellScriptBuildPhase section */

/* Begin PBXSourcesBuildPhase section */
		03ADEF0D24A784AC006D8804 /* Sources */ = {
			isa = PBXSourcesBuildPhase;
			buildActionMask = 2147483647;
			files = (
				03C16B2524A8CA4800D66354 /* ParseManager.swift in Sources */,
				03011C5324A9AED600F4B29C /* SceneDelegate.swift in Sources */,
				03ADEF5424A78C62006D8804 /* NetworkManager.swift in Sources */,
				03ADEF1924A784AC006D8804 /* ViewController.swift in Sources */,
				03ADEF4F24A78AF7006D8804 /* Facts.swift in Sources */,
				03ADEF1524A784AC006D8804 /* AppDelegate.swift in Sources */,
				03ADEF4A24A78806006D8804 /* InfoCell.swift in Sources */,
			);
			runOnlyForDeploymentPostprocessing = 0;
		};
		03ADEF2324A784AF006D8804 /* Sources */ = {
			isa = PBXSourcesBuildPhase;
			buildActionMask = 2147483647;
			files = (
				03ADEF2C24A784AF006D8804 /* MyTelstra_EvaluationTests.swift in Sources */,
			);
			runOnlyForDeploymentPostprocessing = 0;
		};
		03ADEF2E24A784AF006D8804 /* Sources */ = {
			isa = PBXSourcesBuildPhase;
			buildActionMask = 2147483647;
			files = (
				03ADEF3724A784AF006D8804 /* MyTelstra_EvaluationUITests.swift in Sources */,
			);
			runOnlyForDeploymentPostprocessing = 0;
		};
/* End PBXSourcesBuildPhase section */

/* Begin PBXTargetDependency section */
		03ADEF2924A784AF006D8804 /* PBXTargetDependency */ = {
			isa = PBXTargetDependency;
			target = 03ADEF1024A784AC006D8804 /* MyTelstra_Evaluation */;
			targetProxy = 03ADEF2824A784AF006D8804 /* PBXContainerItemProxy */;
		};
		03ADEF3424A784AF006D8804 /* PBXTargetDependency */ = {
			isa = PBXTargetDependency;
			target = 03ADEF1024A784AC006D8804 /* MyTelstra_Evaluation */;
			targetProxy = 03ADEF3324A784AF006D8804 /* PBXContainerItemProxy */;
		};
/* End PBXTargetDependency section */

/* Begin PBXVariantGroup section */
		03ADEF1A24A784AC006D8804 /* Main.storyboard */ = {
			isa = PBXVariantGroup;
			children = (
				03ADEF1B24A784AC006D8804 /* Base */,
			);
			name = Main.storyboard;
			sourceTree = "<group>";
		};
		03ADEF1F24A784AE006D8804 /* LaunchScreen.storyboard */ = {
			isa = PBXVariantGroup;
			children = (
				03ADEF2024A784AE006D8804 /* Base */,
			);
			name = LaunchScreen.storyboard;
			sourceTree = "<group>";
		};
/* End PBXVariantGroup section */

/* Begin XCBuildConfiguration section */
		03ADEF3924A784AF006D8804 /* Debug */ = {
			isa = XCBuildConfiguration;
			buildSettings = {
				ALWAYS_SEARCH_USER_PATHS = NO;
				CLANG_ANALYZER_NONNULL = YES;
				CLANG_ANALYZER_NUMBER_OBJECT_CONVERSION = YES_AGGRESSIVE;
				CLANG_CXX_LANGUAGE_STANDARD = "gnu++14";
				CLANG_CXX_LIBRARY = "libc++";
				CLANG_ENABLE_MODULES = YES;
				CLANG_ENABLE_OBJC_ARC = YES;
				CLANG_ENABLE_OBJC_WEAK = YES;
				CLANG_WARN_BLOCK_CAPTURE_AUTORELEASING = YES;
				CLANG_WARN_BOOL_CONVERSION = YES;
				CLANG_WARN_COMMA = YES;
				CLANG_WARN_CONSTANT_CONVERSION = YES;
				CLANG_WARN_DEPRECATED_OBJC_IMPLEMENTATIONS = YES;
				CLANG_WARN_DIRECT_OBJC_ISA_USAGE = YES_ERROR;
				CLANG_WARN_DOCUMENTATION_COMMENTS = YES;
				CLANG_WARN_EMPTY_BODY = YES;
				CLANG_WARN_ENUM_CONVERSION = YES;
				CLANG_WARN_INFINITE_RECURSION = YES;
				CLANG_WARN_INT_CONVERSION = YES;
				CLANG_WARN_NON_LITERAL_NULL_CONVERSION = YES;
				CLANG_WARN_OBJC_IMPLICIT_RETAIN_SELF = YES;
				CLANG_WARN_OBJC_LITERAL_CONVERSION = YES;
				CLANG_WARN_OBJC_ROOT_CLASS = YES_ERROR;
				CLANG_WARN_RANGE_LOOP_ANALYSIS = YES;
				CLANG_WARN_STRICT_PROTOTYPES = YES;
				CLANG_WARN_SUSPICIOUS_MOVE = YES;
				CLANG_WARN_UNGUARDED_AVAILABILITY = YES_AGGRESSIVE;
				CLANG_WARN_UNREACHABLE_CODE = YES;
				CLANG_WARN__DUPLICATE_METHOD_MATCH = YES;
				COPY_PHASE_STRIP = NO;
				DEBUG_INFORMATION_FORMAT = dwarf;
				ENABLE_STRICT_OBJC_MSGSEND = YES;
				ENABLE_TESTABILITY = YES;
				GCC_C_LANGUAGE_STANDARD = gnu11;
				GCC_DYNAMIC_NO_PIC = NO;
				GCC_NO_COMMON_BLOCKS = YES;
				GCC_OPTIMIZATION_LEVEL = 0;
				GCC_PREPROCESSOR_DEFINITIONS = (
					"DEBUG=1",
					"$(inherited)",
				);
				GCC_WARN_64_TO_32_BIT_CONVERSION = YES;
				GCC_WARN_ABOUT_RETURN_TYPE = YES_ERROR;
				GCC_WARN_UNDECLARED_SELECTOR = YES;
				GCC_WARN_UNINITIALIZED_AUTOS = YES_AGGRESSIVE;
				GCC_WARN_UNUSED_FUNCTION = YES;
				GCC_WARN_UNUSED_VARIABLE = YES;
				IPHONEOS_DEPLOYMENT_TARGET = 11.0;
				MTL_ENABLE_DEBUG_INFO = INCLUDE_SOURCE;
				MTL_FAST_MATH = YES;
				ONLY_ACTIVE_ARCH = YES;
				SDKROOT = iphoneos;
				SWIFT_ACTIVE_COMPILATION_CONDITIONS = DEBUG;
				SWIFT_OPTIMIZATION_LEVEL = "-Onone";
			};
			name = Debug;
		};
		03ADEF3A24A784AF006D8804 /* Release */ = {
			isa = XCBuildConfiguration;
			buildSettings = {
				ALWAYS_SEARCH_USER_PATHS = NO;
				CLANG_ANALYZER_NONNULL = YES;
				CLANG_ANALYZER_NUMBER_OBJECT_CONVERSION = YES_AGGRESSIVE;
				CLANG_CXX_LANGUAGE_STANDARD = "gnu++14";
				CLANG_CXX_LIBRARY = "libc++";
				CLANG_ENABLE_MODULES = YES;
				CLANG_ENABLE_OBJC_ARC = YES;
				CLANG_ENABLE_OBJC_WEAK = YES;
				CLANG_WARN_BLOCK_CAPTURE_AUTORELEASING = YES;
				CLANG_WARN_BOOL_CONVERSION = YES;
				CLANG_WARN_COMMA = YES;
				CLANG_WARN_CONSTANT_CONVERSION = YES;
				CLANG_WARN_DEPRECATED_OBJC_IMPLEMENTATIONS = YES;
				CLANG_WARN_DIRECT_OBJC_ISA_USAGE = YES_ERROR;
				CLANG_WARN_DOCUMENTATION_COMMENTS = YES;
				CLANG_WARN_EMPTY_BODY = YES;
				CLANG_WARN_ENUM_CONVERSION = YES;
				CLANG_WARN_INFINITE_RECURSION = YES;
				CLANG_WARN_INT_CONVERSION = YES;
				CLANG_WARN_NON_LITERAL_NULL_CONVERSION = YES;
				CLANG_WARN_OBJC_IMPLICIT_RETAIN_SELF = YES;
				CLANG_WARN_OBJC_LITERAL_CONVERSION = YES;
				CLANG_WARN_OBJC_ROOT_CLASS = YES_ERROR;
				CLANG_WARN_RANGE_LOOP_ANALYSIS = YES;
				CLANG_WARN_STRICT_PROTOTYPES = YES;
				CLANG_WARN_SUSPICIOUS_MOVE = YES;
				CLANG_WARN_UNGUARDED_AVAILABILITY = YES_AGGRESSIVE;
				CLANG_WARN_UNREACHABLE_CODE = YES;
				CLANG_WARN__DUPLICATE_METHOD_MATCH = YES;
				COPY_PHASE_STRIP = NO;
				DEBUG_INFORMATION_FORMAT = "dwarf-with-dsym";
				ENABLE_NS_ASSERTIONS = NO;
				ENABLE_STRICT_OBJC_MSGSEND = YES;
				GCC_C_LANGUAGE_STANDARD = gnu11;
				GCC_NO_COMMON_BLOCKS = YES;
				GCC_WARN_64_TO_32_BIT_CONVERSION = YES;
				GCC_WARN_ABOUT_RETURN_TYPE = YES_ERROR;
				GCC_WARN_UNDECLARED_SELECTOR = YES;
				GCC_WARN_UNINITIALIZED_AUTOS = YES_AGGRESSIVE;
				GCC_WARN_UNUSED_FUNCTION = YES;
				GCC_WARN_UNUSED_VARIABLE = YES;
				IPHONEOS_DEPLOYMENT_TARGET = 11.0;
				MTL_ENABLE_DEBUG_INFO = NO;
				MTL_FAST_MATH = YES;
				SDKROOT = iphoneos;
				SWIFT_COMPILATION_MODE = wholemodule;
				SWIFT_OPTIMIZATION_LEVEL = "-O";
				VALIDATE_PRODUCT = YES;
			};
			name = Release;
		};
		03ADEF3C24A784AF006D8804 /* Debug */ = {
			isa = XCBuildConfiguration;
			baseConfigurationReference = C96F220EFC3F3399B6ACCDE1 /* Pods-MyTelstra_Evaluation.debug.xcconfig */;
			buildSettings = {
				ASSETCATALOG_COMPILER_APPICON_NAME = AppIcon;
				CODE_SIGN_STYLE = Automatic;
				DEVELOPMENT_TEAM = QSLL7565R4;
				INFOPLIST_FILE = MyTelstra_Evaluation/Info.plist;
				IPHONEOS_DEPLOYMENT_TARGET = 11.0;
				LD_RUNPATH_SEARCH_PATHS = (
					"$(inherited)",
					"@executable_path/Frameworks",
				);
				PRODUCT_BUNDLE_IDENTIFIER = "com.cognizant.MyTelstra-Evaluation";
				PRODUCT_NAME = "$(TARGET_NAME)";
				SWIFT_VERSION = 5.0;
				TARGETED_DEVICE_FAMILY = "1,2";
			};
			name = Debug;
		};
		03ADEF3D24A784AF006D8804 /* Release */ = {
			isa = XCBuildConfiguration;
			baseConfigurationReference = 50736FF82B280FEAC1EEE479 /* Pods-MyTelstra_Evaluation.release.xcconfig */;
			buildSettings = {
				ASSETCATALOG_COMPILER_APPICON_NAME = AppIcon;
				CODE_SIGN_STYLE = Automatic;
				DEVELOPMENT_TEAM = QSLL7565R4;
				INFOPLIST_FILE = MyTelstra_Evaluation/Info.plist;
				IPHONEOS_DEPLOYMENT_TARGET = 11.0;
				LD_RUNPATH_SEARCH_PATHS = (
					"$(inherited)",
					"@executable_path/Frameworks",
				);
				PRODUCT_BUNDLE_IDENTIFIER = "com.cognizant.MyTelstra-Evaluation";
				PRODUCT_NAME = "$(TARGET_NAME)";
				SWIFT_VERSION = 5.0;
				TARGETED_DEVICE_FAMILY = "1,2";
			};
			name = Release;
		};
		03ADEF3F24A784AF006D8804 /* Debug */ = {
			isa = XCBuildConfiguration;
			baseConfigurationReference = 1272AEF7490360158884976A /* Pods-MyTelstra_EvaluationTests.debug.xcconfig */;
			buildSettings = {
				ALWAYS_EMBED_SWIFT_STANDARD_LIBRARIES = YES;
				BUNDLE_LOADER = "$(TEST_HOST)";
				CODE_SIGN_STYLE = Automatic;
				DEVELOPMENT_TEAM = QSLL7565R4;
				INFOPLIST_FILE = MyTelstra_EvaluationTests/Info.plist;
				IPHONEOS_DEPLOYMENT_TARGET = 11.0;
				LD_RUNPATH_SEARCH_PATHS = (
					"$(inherited)",
					"@executable_path/Frameworks",
					"@loader_path/Frameworks",
				);
				PRODUCT_BUNDLE_IDENTIFIER = "com.cognizant.MyTelstra-EvaluationTests";
				PRODUCT_NAME = "$(TARGET_NAME)";
				SWIFT_VERSION = 5.0;
				TARGETED_DEVICE_FAMILY = "1,2";
				TEST_HOST = "$(BUILT_PRODUCTS_DIR)/MyTelstra_Evaluation.app/MyTelstra_Evaluation";
			};
			name = Debug;
		};
		03ADEF4024A784AF006D8804 /* Release */ = {
			isa = XCBuildConfiguration;
			baseConfigurationReference = 345E060E1EDF1581CB26336B /* Pods-MyTelstra_EvaluationTests.release.xcconfig */;
			buildSettings = {
				ALWAYS_EMBED_SWIFT_STANDARD_LIBRARIES = YES;
				BUNDLE_LOADER = "$(TEST_HOST)";
				CODE_SIGN_STYLE = Automatic;
				DEVELOPMENT_TEAM = QSLL7565R4;
				INFOPLIST_FILE = MyTelstra_EvaluationTests/Info.plist;
				IPHONEOS_DEPLOYMENT_TARGET = 11.0;
				LD_RUNPATH_SEARCH_PATHS = (
					"$(inherited)",
					"@executable_path/Frameworks",
					"@loader_path/Frameworks",
				);
				PRODUCT_BUNDLE_IDENTIFIER = "com.cognizant.MyTelstra-EvaluationTests";
				PRODUCT_NAME = "$(TARGET_NAME)";
				SWIFT_VERSION = 5.0;
				TARGETED_DEVICE_FAMILY = "1,2";
				TEST_HOST = "$(BUILT_PRODUCTS_DIR)/MyTelstra_Evaluation.app/MyTelstra_Evaluation";
			};
			name = Release;
		};
		03ADEF4224A784AF006D8804 /* Debug */ = {
			isa = XCBuildConfiguration;
			baseConfigurationReference = 867DA62A19B36390CA3D55CC /* Pods-MyTelstra_Evaluation-MyTelstra_EvaluationUITests.debug.xcconfig */;
			buildSettings = {
				ALWAYS_EMBED_SWIFT_STANDARD_LIBRARIES = "$(inherited)";
				CODE_SIGN_STYLE = Automatic;
				DEVELOPMENT_TEAM = QSLL7565R4;
				INFOPLIST_FILE = MyTelstra_EvaluationUITests/Info.plist;
				LD_RUNPATH_SEARCH_PATHS = (
					"$(inherited)",
					"@executable_path/Frameworks",
					"@loader_path/Frameworks",
				);
				PRODUCT_BUNDLE_IDENTIFIER = "com.cognizant.MyTelstra-EvaluationUITests";
				PRODUCT_NAME = "$(TARGET_NAME)";
				SWIFT_VERSION = 5.0;
				TARGETED_DEVICE_FAMILY = "1,2";
				TEST_TARGET_NAME = MyTelstra_Evaluation;
			};
			name = Debug;
		};
		03ADEF4324A784AF006D8804 /* Release */ = {
			isa = XCBuildConfiguration;
			baseConfigurationReference = DB5FD8C23C461FE3A9F5FE37 /* Pods-MyTelstra_Evaluation-MyTelstra_EvaluationUITests.release.xcconfig */;
			buildSettings = {
				ALWAYS_EMBED_SWIFT_STANDARD_LIBRARIES = "$(inherited)";
				CODE_SIGN_STYLE = Automatic;
				DEVELOPMENT_TEAM = QSLL7565R4;
				INFOPLIST_FILE = MyTelstra_EvaluationUITests/Info.plist;
				LD_RUNPATH_SEARCH_PATHS = (
					"$(inherited)",
					"@executable_path/Frameworks",
					"@loader_path/Frameworks",
				);
				PRODUCT_BUNDLE_IDENTIFIER = "com.cognizant.MyTelstra-EvaluationUITests";
				PRODUCT_NAME = "$(TARGET_NAME)";
				SWIFT_VERSION = 5.0;
				TARGETED_DEVICE_FAMILY = "1,2";
				TEST_TARGET_NAME = MyTelstra_Evaluation;
			};
			name = Release;
		};
/* End XCBuildConfiguration section */

/* Begin XCConfigurationList section */
		03ADEF0C24A784AC006D8804 /* Build configuration list for PBXProject "MyTelstra_Evaluation" */ = {
			isa = XCConfigurationList;
			buildConfigurations = (
				03ADEF3924A784AF006D8804 /* Debug */,
				03ADEF3A24A784AF006D8804 /* Release */,
			);
			defaultConfigurationIsVisible = 0;
			defaultConfigurationName = Release;
		};
		03ADEF3B24A784AF006D8804 /* Build configuration list for PBXNativeTarget "MyTelstra_Evaluation" */ = {
			isa = XCConfigurationList;
			buildConfigurations = (
				03ADEF3C24A784AF006D8804 /* Debug */,
				03ADEF3D24A784AF006D8804 /* Release */,
			);
			defaultConfigurationIsVisible = 0;
			defaultConfigurationName = Release;
		};
		03ADEF3E24A784AF006D8804 /* Build configuration list for PBXNativeTarget "MyTelstra_EvaluationTests" */ = {
			isa = XCConfigurationList;
			buildConfigurations = (
				03ADEF3F24A784AF006D8804 /* Debug */,
				03ADEF4024A784AF006D8804 /* Release */,
			);
			defaultConfigurationIsVisible = 0;
			defaultConfigurationName = Release;
		};
		03ADEF4124A784AF006D8804 /* Build configuration list for PBXNativeTarget "MyTelstra_EvaluationUITests" */ = {
			isa = XCConfigurationList;
			buildConfigurations = (
				03ADEF4224A784AF006D8804 /* Debug */,
				03ADEF4324A784AF006D8804 /* Release */,
			);
			defaultConfigurationIsVisible = 0;
			defaultConfigurationName = Release;
		};
/* End XCConfigurationList section */
	};
	rootObject = 03ADEF0924A784AC006D8804 /* Project object */;
}
